
Microsoft Visual Studio Solution File, Format Version 12.00
# Visual Studio Version 17
VisualStudioVersion = 17.3.32901.215
MinimumVisualStudioVersion = 10.0.40219.1
Project("{FAE04EC0-301F-11D3-BF4B-00C04F79EFBC}") = "MoviesDb.Common", "MoviesDb.Common\MoviesDb.Common.csproj", "{9580F748-996A-4CA2-BE3A-B9F440CAC51F}"
EndProject
Project("{FAE04EC0-301F-11D3-BF4B-00C04F79EFBC}") = "MoviesDb.DAL", "MoviesDb.DAL\MoviesDb.DAL.csproj", "{5A35782B-F8F9-493E-BCB5-BA66BCE2F5E7}"
EndProject
Project("{FAE04EC0-301F-11D3-BF4B-00C04F79EFBC}") = "MoviesDb.DAL.Common", "MoviesDb.DAL.Common\MoviesDb.DAL.Common.csproj", "{858B0A9C-BBC8-48F1-8CE4-D78B95AE5911}"
EndProject
Project("{FAE04EC0-301F-11D3-BF4B-00C04F79EFBC}") = "MoviesDb.Model", "MoviesDb.Model\MoviesDb.Model.csproj", "{EE21EC4B-B3DD-4A4A-8B72-3234E2841E89}"
EndProject
Project("{FAE04EC0-301F-11D3-BF4B-00C04F79EFBC}") = "MoviesDb.Model.Common", "MoviesDb.Model.Common\MoviesDb.Model.Common.csproj", "{12CCE5CD-E966-428F-A401-54B839CA10CB}"
EndProject
Project("{FAE04EC0-301F-11D3-BF4B-00C04F79EFBC}") = "MoviesDb.Service", "MoviesDb.Service\MoviesDb.Service.csproj", "{1E8F6193-3C2C-4D51-A75E-71C3170D5873}"
EndProject
Project("{FAE04EC0-301F-11D3-BF4B-00C04F79EFBC}") = "MoviesDb.Service.Common", "MoviesDb.Service.Common\MoviesDb.Service.Common.csproj", "{BAECD9FE-E833-4AC0-A351-18F4C4830F95}"
EndProject
Project("{FAE04EC0-301F-11D3-BF4B-00C04F79EFBC}") = "MoviesDb.Repository", "MoviesDb.Repository\MoviesDb.Repository.csproj", "{155E0A29-3B54-4366-B10B-EC1C8D7EC19F}"
EndProject
Project("{FAE04EC0-301F-11D3-BF4B-00C04F79EFBC}") = "MoviesDb.Repository.Common", "MoviesDb.Repository.Common\MoviesDb.Repository.Common.csproj", "{02BF1928-E909-4D70-89FF-1FE28ECF2534}"
EndProject
Project("{FAE04EC0-301F-11D3-BF4B-00C04F79EFBC}") = "MoviesDb.WebAPI", "MoviesDb.WebAPI\MoviesDb.WebAPI.csproj", "{85607310-1161-4331-9541-D982BBEB9AB0}"
EndProject
Global
	GlobalSection(SolutionConfigurationPlatforms) = preSolution
		Debug|Any CPU = Debug|Any CPU
		Release|Any CPU = Release|Any CPU
	EndGlobalSection
	GlobalSection(ProjectConfigurationPlatforms) = postSolution
		{9580F748-996A-4CA2-BE3A-B9F440CAC51F}.Debug|Any CPU.ActiveCfg = Debug|Any CPU
		{9580F748-996A-4CA2-BE3A-B9F440CAC51F}.Debug|Any CPU.Build.0 = Debug|Any CPU
		{9580F748-996A-4CA2-BE3A-B9F440CAC51F}.Release|Any CPU.ActiveCfg = Release|Any CPU
		{9580F748-996A-4CA2-BE3A-B9F440CAC51F}.Release|Any CPU.Build.0 = Release|Any CPU
		{5A35782B-F8F9-493E-BCB5-BA66BCE2F5E7}.Debug|Any CPU.ActiveCfg = Debug|Any CPU
		{5A35782B-F8F9-493E-BCB5-BA66BCE2F5E7}.Debug|Any CPU.Build.0 = Debug|Any CPU
		{5A35782B-F8F9-493E-BCB5-BA66BCE2F5E7}.Release|Any CPU.ActiveCfg = Release|Any CPU
		{5A35782B-F8F9-493E-BCB5-BA66BCE2F5E7}.Release|Any CPU.Build.0 = Release|Any CPU
		{858B0A9C-BBC8-48F1-8CE4-D78B95AE5911}.Debug|Any CPU.ActiveCfg = Debug|Any CPU
		{858B0A9C-BBC8-48F1-8CE4-D78B95AE5911}.Debug|Any CPU.Build.0 = Debug|Any CPU
		{858B0A9C-BBC8-48F1-8CE4-D78B95AE5911}.Release|Any CPU.ActiveCfg = Release|Any CPU
		{858B0A9C-BBC8-48F1-8CE4-D78B95AE5911}.Release|Any CPU.Build.0 = Release|Any CPU
		{EE21EC4B-B3DD-4A4A-8B72-3234E2841E89}.Debug|Any CPU.ActiveCfg = Debug|Any CPU
		{EE21EC4B-B3DD-4A4A-8B72-3234E2841E89}.Debug|Any CPU.Build.0 = Debug|Any CPU
		{EE21EC4B-B3DD-4A4A-8B72-3234E2841E89}.Release|Any CPU.ActiveCfg = Release|Any CPU
		{EE21EC4B-B3DD-4A4A-8B72-3234E2841E89}.Release|Any CPU.Build.0 = Release|Any CPU
		{12CCE5CD-E966-428F-A401-54B839CA10CB}.Debug|Any CPU.ActiveCfg = Debug|Any CPU
		{12CCE5CD-E966-428F-A401-54B839CA10CB}.Debug|Any CPU.Build.0 = Debug|Any CPU
		{12CCE5CD-E966-428F-A401-54B839CA10CB}.Release|Any CPU.ActiveCfg = Release|Any CPU
		{12CCE5CD-E966-428F-A401-54B839CA10CB}.Release|Any CPU.Build.0 = Release|Any CPU
		{1E8F6193-3C2C-4D51-A75E-71C3170D5873}.Debug|Any CPU.ActiveCfg = Debug|Any CPU
		{1E8F6193-3C2C-4D51-A75E-71C3170D5873}.Debug|Any CPU.Build.0 = Debug|Any CPU
		{1E8F6193-3C2C-4D51-A75E-71C3170D5873}.Release|Any CPU.ActiveCfg = Release|Any CPU
		{1E8F6193-3C2C-4D51-A75E-71C3170D5873}.Release|Any CPU.Build.0 = Release|Any CPU
		{BAECD9FE-E833-4AC0-A351-18F4C4830F95}.Debug|Any CPU.ActiveCfg = Debug|Any CPU
		{BAECD9FE-E833-4AC0-A351-18F4C4830F95}.Debug|Any CPU.Build.0 = Debug|Any CPU
		{BAECD9FE-E833-4AC0-A351-18F4C4830F95}.Release|Any CPU.ActiveCfg = Release|Any CPU
		{BAECD9FE-E833-4AC0-A351-18F4C4830F95}.Release|Any CPU.Build.0 = Release|Any CPU
		{155E0A29-3B54-4366-B10B-EC1C8D7EC19F}.Debug|Any CPU.ActiveCfg = Debug|Any CPU
		{155E0A29-3B54-4366-B10B-EC1C8D7EC19F}.Debug|Any CPU.Build.0 = Debug|Any CPU
		{155E0A29-3B54-4366-B10B-EC1C8D7EC19F}.Release|Any CPU.ActiveCfg = Release|Any CPU
		{155E0A29-3B54-4366-B10B-EC1C8D7EC19F}.Release|Any CPU.Build.0 = Release|Any CPU
		{02BF1928-E909-4D70-89FF-1FE28ECF2534}.Debug|Any CPU.ActiveCfg = Debug|Any CPU
		{02BF1928-E909-4D70-89FF-1FE28ECF2534}.Debug|Any CPU.Build.0 = Debug|Any CPU
		{02BF1928-E909-4D70-89FF-1FE28ECF2534}.Release|Any CPU.ActiveCfg = Release|Any CPU
		{02BF1928-E909-4D70-89FF-1FE28ECF2534}.Release|Any CPU.Build.0 = Release|Any CPU
		{85607310-1161-4331-9541-D982BBEB9AB0}.Debug|Any CPU.ActiveCfg = Debug|Any CPU
		{85607310-1161-4331-9541-D982BBEB9AB0}.Debug|Any CPU.Build.0 = Debug|Any CPU
		{85607310-1161-4331-9541-D982BBEB9AB0}.Release|Any CPU.ActiveCfg = Release|Any CPU
		{85607310-1161-4331-9541-D982BBEB9AB0}.Release|Any CPU.Build.0 = Release|Any CPU
	EndGlobalSection
	GlobalSection(SolutionProperties) = preSolution
		HideSolutionNode = FALSE
	EndGlobalSection
	GlobalSection(ExtensibilityGlobals) = postSolution
		SolutionGuid = {52CFE7A0-5586-4853-86C3-3D0EFB8D64DF}
	EndGlobalSection
EndGlobal
